
Microsoft Visual Studio Solution File, Format Version 12.00
# Visual Studio Version 17
VisualStudioVersion = 17.14.36408.4 d17.14
MinimumVisualStudioVersion = 10.0.40219.1
Project("{FAE04EC0-301F-11D3-BF4B-00C04F79EFBC}") = "splines-and-bezier", "splines-and-bezier.csproj", "{1C6D8420-DE19-7242-85D0-005958C21C1B}"
EndProject
Global
	GlobalSection(SolutionConfigurationPlatforms) = preSolution
		Debug|Any CPU = Debug|Any CPU
		Release|Any CPU = Release|Any CPU
	EndGlobalSection
	GlobalSection(ProjectConfigurationPlatforms) = postSolution
		{1C6D8420-DE19-7242-85D0-005958C21C1B}.Debug|Any CPU.ActiveCfg = Debug|Any CPU
		{1C6D8420-DE19-7242-85D0-005958C21C1B}.Debug|Any CPU.Build.0 = Debug|Any CPU
		{1C6D8420-DE19-7242-85D0-005958C21C1B}.Release|Any CPU.ActiveCfg = Release|Any CPU
		{1C6D8420-DE19-7242-85D0-005958C21C1B}.Release|Any CPU.Build.0 = Release|Any CPU
	EndGlobalSection
	GlobalSection(SolutionProperties) = preSolution
		HideSolutionNode = FALSE
	EndGlobalSection
	GlobalSection(ExtensibilityGlobals) = postSolution
		SolutionGuid = {D7D0F3D8-44D1-4EFF-AE1C-89DE69D4AD0C}
	EndGlobalSection
EndGlobal
